
Microsoft Visual Studio Solution File, Format Version 12.00
Project("{2150E333-8FDC-42A3-9474-1A3956D46DE8}") = "2021", "2021", "{85A9E884-A6C0-41EF-9CF8-C0AD3AC0270B}"
EndProject
Project("{FAE04EC0-301F-11D3-BF4B-00C04F79EFBC}") = "Day13", "Day13\Day13.csproj", "{40B0E253-4094-4B03-A5D7-AD3B7D882112}"
EndProject
Project("{FAE04EC0-301F-11D3-BF4B-00C04F79EFBC}") = "Day14", "Day14\Day14.csproj", "{C4D630A7-85AB-4B6F-9E87-CF9F57CBFD86}"
EndProject
Project("{FAE04EC0-301F-11D3-BF4B-00C04F79EFBC}") = "Day15", "Day15\Day15.csproj", "{CC00066A-05F7-4E07-973F-981CC9DF56B8}"
EndProject
Project("{FAE04EC0-301F-11D3-BF4B-00C04F79EFBC}") = "Day16", "Day16\Day16.csproj", "{35FA959A-32C4-40CE-805C-D68BEB71A6DA}"
EndProject
Global
	GlobalSection(SolutionConfigurationPlatforms) = preSolution
		Debug|Any CPU = Debug|Any CPU
		Release|Any CPU = Release|Any CPU
	EndGlobalSection
	GlobalSection(ProjectConfigurationPlatforms) = postSolution
		{40B0E253-4094-4B03-A5D7-AD3B7D882112}.Debug|Any CPU.ActiveCfg = Debug|Any CPU
		{40B0E253-4094-4B03-A5D7-AD3B7D882112}.Debug|Any CPU.Build.0 = Debug|Any CPU
		{40B0E253-4094-4B03-A5D7-AD3B7D882112}.Release|Any CPU.ActiveCfg = Release|Any CPU
		{40B0E253-4094-4B03-A5D7-AD3B7D882112}.Release|Any CPU.Build.0 = Release|Any CPU
		{C4D630A7-85AB-4B6F-9E87-CF9F57CBFD86}.Debug|Any CPU.ActiveCfg = Debug|Any CPU
		{C4D630A7-85AB-4B6F-9E87-CF9F57CBFD86}.Debug|Any CPU.Build.0 = Debug|Any CPU
		{C4D630A7-85AB-4B6F-9E87-CF9F57CBFD86}.Release|Any CPU.ActiveCfg = Release|Any CPU
		{C4D630A7-85AB-4B6F-9E87-CF9F57CBFD86}.Release|Any CPU.Build.0 = Release|Any CPU
		{CC00066A-05F7-4E07-973F-981CC9DF56B8}.Debug|Any CPU.ActiveCfg = Debug|Any CPU
		{CC00066A-05F7-4E07-973F-981CC9DF56B8}.Debug|Any CPU.Build.0 = Debug|Any CPU
		{CC00066A-05F7-4E07-973F-981CC9DF56B8}.Release|Any CPU.ActiveCfg = Release|Any CPU
		{CC00066A-05F7-4E07-973F-981CC9DF56B8}.Release|Any CPU.Build.0 = Release|Any CPU
		{35FA959A-32C4-40CE-805C-D68BEB71A6DA}.Debug|Any CPU.ActiveCfg = Debug|Any CPU
		{35FA959A-32C4-40CE-805C-D68BEB71A6DA}.Debug|Any CPU.Build.0 = Debug|Any CPU
		{35FA959A-32C4-40CE-805C-D68BEB71A6DA}.Release|Any CPU.ActiveCfg = Release|Any CPU
		{35FA959A-32C4-40CE-805C-D68BEB71A6DA}.Release|Any CPU.Build.0 = Release|Any CPU
	EndGlobalSection
	GlobalSection(NestedProjects) = preSolution
		{40B0E253-4094-4B03-A5D7-AD3B7D882112} = {85A9E884-A6C0-41EF-9CF8-C0AD3AC0270B}
		{C4D630A7-85AB-4B6F-9E87-CF9F57CBFD86} = {85A9E884-A6C0-41EF-9CF8-C0AD3AC0270B}
		{CC00066A-05F7-4E07-973F-981CC9DF56B8} = {85A9E884-A6C0-41EF-9CF8-C0AD3AC0270B}
		{35FA959A-32C4-40CE-805C-D68BEB71A6DA} = {85A9E884-A6C0-41EF-9CF8-C0AD3AC0270B}
	EndGlobalSection
EndGlobal
